# This file was autogenerated by Stack.
# You should not edit this file by hand.
# For more information, please see the documentation at:
#   https://docs.haskellstack.org/en/stable/lock_files

packages:
- completed:
    hackage: digestive-functors-0.8.4.0@sha256:eb2ce9e55a8d2f26a9f5c8386e0d764fe1ce47eb0430af84104bf12dab431fa9,3287
    pantry-tree:
      size: 1682
      sha256: 825eb6308f9b5ec6f7527401f37369b3997eb3b012d3ce2a8fdd071067faf84e
  original:
    hackage: digestive-functors-0.8.4.0
- completed:
    hackage: digestive-functors-blaze-0.6.2.0@sha256:3aae259265b8517fb7efe2a7681d846e01f52c22f49f193aff550a1630f182d0,841
    pantry-tree:
      size: 289
      sha256: 2584d35cf054e3daa2f961d7b68e1c0bafd68f99284c4e76509fc455a0380315
  original:
    hackage: digestive-functors-blaze-0.6.2.0
- completed:
    hackage: http-types-0.12.1@sha256:12ce2fc081fde3cf219b630c2fb3815183a64eee236ba7aa735f666eab949610,2035
    pantry-tree:
      size: 832
      sha256: c66c35b8f4f1b8b82f99cf8de3711027b5d0cc64bd031ab84375100038f81310
  original:
    hackage: http-types-0.12.1
- completed:
    hackage: safe-exceptions-0.1.7.0@sha256:416cad3470889813fbffd9dce83c7610268a4a52acadeb87a66e388e09a90275,1414
    pantry-tree:
      size: 510
      sha256: e4dfac90cd13e88f447b86332cc844f528f10f0a6fc4ff22ed963847dc2304ec
  original:
    hackage: safe-exceptions-0.1.7.0
- completed:
    hackage: semigroups-0.18.5@sha256:41ef9f5f183f66c519c5cddcb3fbfdbc9b67a2b7bfae7d81f91de9ff7367d8c6,5828
    pantry-tree:
      size: 533
      sha256: 7fe152b45de8c6a929db10c68b0576e35f7054492c528e8aa10cb1af2fc80953
  original:
    hackage: semigroups-0.18.5@sha256:41ef9f5f183f66c519c5cddcb3fbfdbc9b67a2b7bfae7d81f91de9ff7367d8c6,5828
- completed:
    size: 68105
    url: https://github.com/ajnsit/wai-routes/archive/d74b39683792649c01113f40bf57724dcf95c96a.tar.gz
    name: wai-routes
    version: 0.10.4
    sha256: 1780c8779d8bd4a137a4edcbdb8244fa0dcbbacffb947d529b327ecd36102a99
    pantry-tree:
      size: 4442
      sha256: c0c6bf9e5651980f916916f73beb4cfc796278eb1d6019881335c573848c73c5
  original:
    url: https://github.com/ajnsit/wai-routes/archive/d74b39683792649c01113f40bf57724dcf95c96a.tar.gz
snapshots:
- completed:
    size: 532377
    url: https://raw.githubusercontent.com/commercialhaskell/stackage-snapshots/master/lts/16/12.yaml
    sha256: f914cfa23fef85bdf895e300a8234d9d0edc2dbec67f4bc9c53f85867c50eab6
  original: lts-16.12
